
Microsoft Visual Studio Solution File, Format Version 12.00
# Visual Studio Version 16
VisualStudioVersion = 16.0.31019.35
MinimumVisualStudioVersion = 10.0.40219.1
Project("{FAE04EC0-301F-11D3-BF4B-00C04F79EFBC}") = "FreePet", "FreePet\FreePet.csproj", "{A334D8B1-02E2-43A8-B8D1-9F08AB219055}"
EndProject
Global
	GlobalSection(SolutionConfigurationPlatforms) = preSolution
		Debug|Any CPU = Debug|Any CPU
		Release|Any CPU = Release|Any CPU
	EndGlobalSection
	GlobalSection(ProjectConfigurationPlatforms) = postSolution
		{A334D8B1-02E2-43A8-B8D1-9F08AB219055}.Debug|Any CPU.ActiveCfg = Debug|Any CPU
		{A334D8B1-02E2-43A8-B8D1-9F08AB219055}.Debug|Any CPU.Build.0 = Debug|Any CPU
		{A334D8B1-02E2-43A8-B8D1-9F08AB219055}.Release|Any CPU.ActiveCfg = Release|Any CPU
		{A334D8B1-02E2-43A8-B8D1-9F08AB219055}.Release|Any CPU.Build.0 = Release|Any CPU
	EndGlobalSection
	GlobalSection(SolutionProperties) = preSolution
		HideSolutionNode = FALSE
	EndGlobalSection
	GlobalSection(ExtensibilityGlobals) = postSolution
		SolutionGuid = {5799246F-9028-49DD-BEBF-5CB328A621E3}
	EndGlobalSection
EndGlobal
